
Microsoft Visual Studio Solution File, Format Version 12.00
# Visual Studio Version 17
VisualStudioVersion = 17.13.35825.156
MinimumVisualStudioVersion = 10.0.40219.1
Project("{FAE04EC0-301F-11D3-BF4B-00C04F79EFBC}") = "MTGApiRequestToXml", "MTGApiRequestToXml\MTGApiRequestToXml.csproj", "{8E9DE31F-0012-43E7-BBD2-08F46229C1C3}"
EndProject
Project("{FAE04EC0-301F-11D3-BF4B-00C04F79EFBC}") = "MTGApiRequestToXmlTest", "MTGApiRequestToXmlTest\MTGApiRequestToXmlTest.csproj", "{4A190192-9DD1-43B1-827D-DB60B339E513}"
EndProject
Project("{FAE04EC0-301F-11D3-BF4B-00C04F79EFBC}") = "MTGApiRequestToXmlUI", "MTGApiRequestToXmlUI\MTGApiRequestToXmlUI.csproj", "{487CDEF3-C565-4B58-AE04-0A0EE1306FE3}"
EndProject
Global
	GlobalSection(SolutionConfigurationPlatforms) = preSolution
		Debug|Any CPU = Debug|Any CPU
		Release|Any CPU = Release|Any CPU
	EndGlobalSection
	GlobalSection(ProjectConfigurationPlatforms) = postSolution
		{8E9DE31F-0012-43E7-BBD2-08F46229C1C3}.Debug|Any CPU.ActiveCfg = Debug|Any CPU
		{8E9DE31F-0012-43E7-BBD2-08F46229C1C3}.Debug|Any CPU.Build.0 = Debug|Any CPU
		{8E9DE31F-0012-43E7-BBD2-08F46229C1C3}.Release|Any CPU.ActiveCfg = Release|Any CPU
		{8E9DE31F-0012-43E7-BBD2-08F46229C1C3}.Release|Any CPU.Build.0 = Release|Any CPU
		{4A190192-9DD1-43B1-827D-DB60B339E513}.Debug|Any CPU.ActiveCfg = Debug|Any CPU
		{4A190192-9DD1-43B1-827D-DB60B339E513}.Debug|Any CPU.Build.0 = Debug|Any CPU
		{4A190192-9DD1-43B1-827D-DB60B339E513}.Release|Any CPU.ActiveCfg = Release|Any CPU
		{4A190192-9DD1-43B1-827D-DB60B339E513}.Release|Any CPU.Build.0 = Release|Any CPU
		{487CDEF3-C565-4B58-AE04-0A0EE1306FE3}.Debug|Any CPU.ActiveCfg = Debug|Any CPU
		{487CDEF3-C565-4B58-AE04-0A0EE1306FE3}.Debug|Any CPU.Build.0 = Debug|Any CPU
		{487CDEF3-C565-4B58-AE04-0A0EE1306FE3}.Release|Any CPU.ActiveCfg = Release|Any CPU
		{487CDEF3-C565-4B58-AE04-0A0EE1306FE3}.Release|Any CPU.Build.0 = Release|Any CPU
	EndGlobalSection
	GlobalSection(SolutionProperties) = preSolution
		HideSolutionNode = FALSE
	EndGlobalSection
	GlobalSection(ExtensibilityGlobals) = postSolution
		SolutionGuid = {8B9D1DAC-093B-46E8-ADBF-8D8D1BDD097D}
	EndGlobalSection
EndGlobal
